schema: mcloving.jenkins.mapping-lock/v1
catalog_id: mario-jenkins-oracle-228-v1
catalog_version: 1
catalog_sha256: b53d6a30c7dcbb799e4c6c939e4e267d7935ddb21916878a4c966395c73f3b62
semantic_sha256: 2cda142fab4786e02c854488ab5fcadaf822706e961b7754bff6aa314d96be64
compiler_profile_sha256: feeeb44d32aa10181e572a0dbbf5b2e23895731b1913bd46aba9f38d56172271
corpus_manifest_sha256: 0b1b7f291b309013e278d3eec7866e614a1de1306d9270c2fcf8c65975e6a30c
