# This file is automatically @generated by Cargo.
# It is not intended for manual editing.
version = 4

[[package]]
name = "mcloving-agent"
version = "0.0.0"
dependencies = [
 "mcloving-domain",
]

[[package]]
name = "mcloving-agent-protocol"
version = "0.0.0"

[[package]]
name = "mcloving-cli"
version = "0.0.0"
dependencies = [
 "mcloving-domain",
]

[[package]]
name = "mcloving-controller"
version = "0.0.0"
dependencies = [
 "mcloving-domain",
]

[[package]]
name = "mcloving-domain"
version = "0.0.0"

[[package]]
name = "mcloving-pipeline-ir"
version = "0.0.0"

[[package]]
name = "mcloving-state-machine"
version = "0.0.0"
