schema: mcloving.jenkins.shared-library-lock/v1
ledger_id: mario-jenkins-oracle-228-shared-libraries-v1
ledger_version: 1
ledger_sha256: c38a4c7374bf5bd205bbd2c63d2c6092362d28ae05055583f1ca38e1c0a3e169
semantic_sha256: 56be6a979931fa703ef815ffc5a7299235d6840e6e4d46471877d0fdc08d772a
readme_sha256: 4418616ee0133648685a97b303569c7ff2822b7d898af531b33f1ee2a11b4032
inventory_manifest_sha256: 8cf682d06522b050c97c504c1a516f33463bd906e4ee10c3d6a1c38c03c6ec07
corpus_manifest_sha256: a28283de801854836887e9bc6cffd43c10bb078dbeff343fdf92d19b470a74c2
source_manifest_sha256: 3f95c70e04ef72dc107e7bb6f031679cfc56e5cf44e12948b89c98baacd7db06
