schema: mcloving.jenkins.shared-library-lock/v1
ledger_id: mario-jenkins-oracle-228-shared-libraries-v1
ledger_version: 1
ledger_sha256: 3c9d79f73524d50ab62abb617d9863e0e897f1c6dd16c438e0f05d82f05cd4a5
semantic_sha256: e9ba69753ac9507f0d459edae012f9d537576e45ffa8806dead1a20b02db69c6
readme_sha256: 4418616ee0133648685a97b303569c7ff2822b7d898af531b33f1ee2a11b4032
inventory_manifest_sha256: 8cf682d06522b050c97c504c1a516f33463bd906e4ee10c3d6a1c38c03c6ec07
corpus_manifest_sha256: a28283de801854836887e9bc6cffd43c10bb078dbeff343fdf92d19b470a74c2
