schema: mcloving.jenkins.shared-library-lock/v1
ledger_id: mario-jenkins-oracle-228-shared-libraries-v1
ledger_version: 1
ledger_sha256: fb6ff37c33aba6288e9632e5d0993adf634d840c5fe21f6345dea5350f28e35b
semantic_sha256: f925714595d48efcf29ea9c64696a99cd361b6a4a9b847c2d96b807a63add309
readme_sha256: be89bd7f3a243b745fe51cc353b0eda76a20a53eaf74a7d955e8b53cfd0a8440
inventory_manifest_sha256: 8cf682d06522b050c97c504c1a516f33463bd906e4ee10c3d6a1c38c03c6ec07
corpus_manifest_sha256: a28283de801854836887e9bc6cffd43c10bb078dbeff343fdf92d19b470a74c2
source_manifest_sha256: 3f95c70e04ef72dc107e7bb6f031679cfc56e5cf44e12948b89c98baacd7db06
